// !$*UTF8*$!
{
	archiveVersion = 1;
	classes = {
	};
	objectVersion = 55;
	objects = {

/* Begin PBXBuildFile section */
		03B6DED128D008F00029C55E /* AppDelegate.swift in Sources */ = {isa = PBXBuildFile; fileRef = 03B6DED028D008F00029C55E /* AppDelegate.swift */; };
		03B6DED328D008F00029C55E /* SceneDelegate.swift in Sources */ = {isa = PBXBuildFile; fileRef = 03B6DED228D008F00029C55E /* SceneDelegate.swift */; };
		03B6DED528D008F00029C55E /* ViewController.swift in Sources */ = {isa = PBXBuildFile; fileRef = 03B6DED428D008F00029C55E /* ViewController.swift */; };
		03B6DED828D008F00029C55E /* Main.storyboard in Resources */ = {isa = PBXBuildFile; fileRef = 03B6DED628D008F00029C55E /* Main.storyboard */; };
		03B6DEDB28D008F00029C55E /* Flix.xcdatamodeld in Sources */ = {isa = PBXBuildFile; fileRef = 03B6DED928D008F00029C55E /* Flix.xcdatamodeld */; };
		03B6DEDD28D008F20029C55E /* Assets.xcassets in Resources */ = {isa = PBXBuildFile; fileRef = 03B6DEDC28D008F20029C55E /* Assets.xcassets */; };
		03B6DEE028D008F20029C55E /* LaunchScreen.storyboard in Resources */ = {isa = PBXBuildFile; fileRef = 03B6DEDE28D008F20029C55E /* LaunchScreen.storyboard */; };
		03B6DEEB28D008F30029C55E /* FlixTests.swift in Sources */ = {isa = PBXBuildFile; fileRef = 03B6DEEA28D008F30029C55E /* FlixTests.swift */; };
		03B6DEF528D008F30029C55E /* FlixUITests.swift in Sources */ = {isa = PBXBuildFile; fileRef = 03B6DEF428D008F30029C55E /* FlixUITests.swift */; };
		03B6DEF728D008F30029C55E /* FlixUITestsLaunchTests.swift in Sources */ = {isa = PBXBuildFile; fileRef = 03B6DEF628D008F30029C55E /* FlixUITestsLaunchTests.swift */; };
		03B6DF0428D00F590029C55E /* MoviesViewController.swift in Sources */ = {isa = PBXBuildFile; fileRef = 03B6DF0328D00F590029C55E /* MoviesViewController.swift */; };
		03B6DF0628D0168C0029C55E /* MovieCell.swift in Sources */ = {isa = PBXBuildFile; fileRef = 03B6DF0528D0168C0029C55E /* MovieCell.swift */; };
		03B6DF0928D3E7450029C55E /* AlamofireImage in Frameworks */ = {isa = PBXBuildFile; productRef = 03B6DF0828D3E7450029C55E /* AlamofireImage */; };
		AD38715696C5427561BD4926 /* Pods_Flix.framework in Frameworks */ = {isa = PBXBuildFile; fileRef = 0BC440A13925E247D2DAD8A2 /* Pods_Flix.framework */; };
		B8F84BE989A8C4E958A01B29 /* Pods_FlixTests.framework in Frameworks */ = {isa = PBXBuildFile; fileRef = E87F3C79B06F7A13BB18775D /* Pods_FlixTests.framework */; };
		CD42C57016FEA2D6ECDBC430 /* Pods_Flix_FlixUITests.framework in Frameworks */ = {isa = PBXBuildFile; fileRef = 0C11FF25C150CD56131D93FC /* Pods_Flix_FlixUITests.framework */; };
/* End PBXBuildFile section */

/* Begin PBXContainerItemProxy section */
		03B6DEE728D008F30029C55E /* PBXContainerItemProxy */ = {
			isa = PBXContainerItemProxy;
			containerPortal = 03B6DEC528D008F00029C55E /* Project object */;
			proxyType = 1;
			remoteGlobalIDString = 03B6DECC28D008F00029C55E;
			remoteInfo = Flix;
		};
		03B6DEF128D008F30029C55E /* PBXContainerItemProxy */ = {
			isa = PBXContainerItemProxy;
			containerPortal = 03B6DEC528D008F00029C55E /* Project object */;
			proxyType = 1;
			remoteGlobalIDString = 03B6DECC28D008F00029C55E;
			remoteInfo = Flix;
		};
/* End PBXContainerItemProxy section */

/* Begin PBXFileReference section */
		03B6DECD28D008F00029C55E /* Flix.app */ = {isa = PBXFileReference; explicitFileType = wrapper.application; includeInIndex = 0; path = Flix.app; sourceTree = BUILT_PRODUCTS_DIR; };
		03B6DED028D008F00029C55E /* AppDelegate.swift */ = {isa = PBXFileReference; lastKnownFileType = sourcecode.swift; path = AppDelegate.swift; sourceTree = "<group>"; };
		03B6DED228D008F00029C55E /* SceneDelegate.swift */ = {isa = PBXFileReference; lastKnownFileType = sourcecode.swift; path = SceneDelegate.swift; sourceTree = "<group>"; };
		03B6DED428D008F00029C55E /* ViewController.swift */ = {isa = PBXFileReference; lastKnownFileType = sourcecode.swift; path = ViewController.swift; sourceTree = "<group>"; };
		03B6DED728D008F00029C55E /* Base */ = {isa = PBXFileReference; lastKnownFileType = file.storyboard; name = Base; path = Base.lproj/Main.storyboard; sourceTree = "<group>"; };
		03B6DEDA28D008F00029C55E /* Flix.xcdatamodel */ = {isa = PBXFileReference; lastKnownFileType = wrapper.xcdatamodel; path = Flix.xcdatamodel; sourceTree = "<group>"; };
		03B6DEDC28D008F20029C55E /* Assets.xcassets */ = {isa = PBXFileReference; lastKnownFileType = folder.assetcatalog; path = Assets.xcassets; sourceTree = "<group>"; };
		03B6DEDF28D008F20029C55E /* Base */ = {isa = PBXFileReference; lastKnownFileType = file.storyboard; name = Base; path = Base.lproj/LaunchScreen.storyboard; sourceTree = "<group>"; };
		03B6DEE128D008F20029C55E /* Info.plist */ = {isa = PBXFileReference; lastKnownFileType = text.plist.xml; path = Info.plist; sourceTree = "<group>"; };
		03B6DEE628D008F30029C55E /* FlixTests.xctest */ = {isa = PBXFileReference; explicitFileType = wrapper.cfbundle; includeInIndex = 0; path = FlixTests.xctest; sourceTree = BUILT_PRODUCTS_DIR; };
		03B6DEEA28D008F30029C55E /* FlixTests.swift */ = {isa = PBXFileReference; lastKnownFileType = sourcecode.swift; path = FlixTests.swift; sourceTree = "<group>"; };
		03B6DEF028D008F30029C55E /* FlixUITests.xctest */ = {isa = PBXFileReference; explicitFileType = wrapper.cfbundle; includeInIndex = 0; path = FlixUITests.xctest; sourceTree = BUILT_PRODUCTS_DIR; };
		03B6DEF428D008F30029C55E /* FlixUITests.swift */ = {isa = PBXFileReference; lastKnownFileType = sourcecode.swift; path = FlixUITests.swift; sourceTree = "<group>"; };
		03B6DEF628D008F30029C55E /* FlixUITestsLaunchTests.swift */ = {isa = PBXFileReference; lastKnownFileType = sourcecode.swift; path = FlixUITestsLaunchTests.swift; sourceTree = "<group>"; };
		03B6DF0328D00F590029C55E /* MoviesViewController.swift */ = {isa = PBXFileReference; lastKnownFileType = sourcecode.swift; path = MoviesViewController.swift; sourceTree = "<group>"; };
		03B6DF0528D0168C0029C55E /* MovieCell.swift */ = {isa = PBXFileReference; lastKnownFileType = sourcecode.swift; path = MovieCell.swift; sourceTree = "<group>"; };
		0BC440A13925E247D2DAD8A2 /* Pods_Flix.framework */ = {isa = PBXFileReference; explicitFileType = wrapper.framework; includeInIndex = 0; path = Pods_Flix.framework; sourceTree = BUILT_PRODUCTS_DIR; };
		0C11FF25C150CD56131D93FC /* Pods_Flix_FlixUITests.framework */ = {isa = PBXFileReference; explicitFileType = wrapper.framework; includeInIndex = 0; path = Pods_Flix_FlixUITests.framework; sourceTree = BUILT_PRODUCTS_DIR; };
		16DED8B7EA8F97ED923EF22C /* Pods-Flix-FlixUITests.release.xcconfig */ = {isa = PBXFileReference; includeInIndex = 1; lastKnownFileType = text.xcconfig; name = "Pods-Flix-FlixUITests.release.xcconfig"; path = "Target Support Files/Pods-Flix-FlixUITests/Pods-Flix-FlixUITests.release.xcconfig"; sourceTree = "<group>"; };
		379FDFA0CD13FDC56B1C6C64 /* Pods-Flix.debug.xcconfig */ = {isa = PBXFileReference; includeInIndex = 1; lastKnownFileType = text.xcconfig; name = "Pods-Flix.debug.xcconfig"; path = "Target Support Files/Pods-Flix/Pods-Flix.debug.xcconfig"; sourceTree = "<group>"; };
		4CE2D19825C3A3136E6333B0 /* Pods-FlixTests.debug.xcconfig */ = {isa = PBXFileReference; includeInIndex = 1; lastKnownFileType = text.xcconfig; name = "Pods-FlixTests.debug.xcconfig"; path = "Target Support Files/Pods-FlixTests/Pods-FlixTests.debug.xcconfig"; sourceTree = "<group>"; };
		B33E0157632B040126CAAB82 /* Pods-Flix.release.xcconfig */ = {isa = PBXFileReference; includeInIndex = 1; lastKnownFileType = text.xcconfig; name = "Pods-Flix.release.xcconfig"; path = "Target Support Files/Pods-Flix/Pods-Flix.release.xcconfig"; sourceTree = "<group>"; };
		C946642141AEC2CF8BF05523 /* Pods-Flix-FlixUITests.debug.xcconfig */ = {isa = PBXFileReference; includeInIndex = 1; lastKnownFileType = text.xcconfig; name = "Pods-Flix-FlixUITests.debug.xcconfig"; path = "Target Support Files/Pods-Flix-FlixUITests/Pods-Flix-FlixUITests.debug.xcconfig"; sourceTree = "<group>"; };
		E87F3C79B06F7A13BB18775D /* Pods_FlixTests.framework */ = {isa = PBXFileReference; explicitFileType = wrapper.framework; includeInIndex = 0; path = Pods_FlixTests.framework; sourceTree = BUILT_PRODUCTS_DIR; };
		FCD69D2B163D6CCCCB18C9DB /* Pods-FlixTests.release.xcconfig */ = {isa = PBXFileReference; includeInIndex = 1; lastKnownFileType = text.xcconfig; name = "Pods-FlixTests.release.xcconfig"; path = "Target Support Files/Pods-FlixTests/Pods-FlixTests.release.xcconfig"; sourceTree = "<group>"; };
/* End PBXFileReference section */

/* Begin PBXFrameworksBuildPhase section */
		03B6DECA28D008F00029C55E /* Frameworks */ = {
			isa = PBXFrameworksBuildPhase;
			buildActionMask = 2147483647;
			files = (
				03B6DF0928D3E7450029C55E /* AlamofireImage in Frameworks */,
				AD38715696C5427561BD4926 /* Pods_Flix.framework in Frameworks */,
			);
			runOnlyForDeploymentPostprocessing = 0;
		};
		03B6DEE328D008F30029C55E /* Frameworks */ = {
			isa = PBXFrameworksBuildPhase;
			buildActionMask = 2147483647;
			files = (
				B8F84BE989A8C4E958A01B29 /* Pods_FlixTests.framework in Frameworks */,
			);
			runOnlyForDeploymentPostprocessing = 0;
		};
		03B6DEED28D008F30029C55E /* Frameworks */ = {
			isa = PBXFrameworksBuildPhase;
			buildActionMask = 2147483647;
			files = (
				CD42C57016FEA2D6ECDBC430 /* Pods_Flix_FlixUITests.framework in Frameworks */,
			);
			runOnlyForDeploymentPostprocessing = 0;
		};
/* End PBXFrameworksBuildPhase section */

/* Begin PBXGroup section */
		03B6DEC428D008F00029C55E = {
			isa = PBXGroup;
			children = (
				03B6DECF28D008F00029C55E /* Flix */,
				03B6DEE928D008F30029C55E /* FlixTests */,
				03B6DEF328D008F30029C55E /* FlixUITests */,
				03B6DECE28D008F00029C55E /* Products */,
				CBAF8D0F87B1D20181DE79B5 /* Pods */,
				10E7969A15A7ABB65795BF13 /* Frameworks */,
			);
			sourceTree = "<group>";
		};
		03B6DECE28D008F00029C55E /* Products */ = {
			isa = PBXGroup;
			children = (
				03B6DECD28D008F00029C55E /* Flix.app */,
				03B6DEE628D008F30029C55E /* FlixTests.xctest */,
				03B6DEF028D008F30029C55E /* FlixUITests.xctest */,
			);
			name = Products;
			sourceTree = "<group>";
		};
		03B6DECF28D008F00029C55E /* Flix */ = {
			isa = PBXGroup;
			children = (
				03B6DED028D008F00029C55E /* AppDelegate.swift */,
				03B6DED228D008F00029C55E /* SceneDelegate.swift */,
				03B6DED428D008F00029C55E /* ViewController.swift */,
				03B6DED628D008F00029C55E /* Main.storyboard */,
				03B6DEDC28D008F20029C55E /* Assets.xcassets */,
				03B6DEDE28D008F20029C55E /* LaunchScreen.storyboard */,
				03B6DEE128D008F20029C55E /* Info.plist */,
				03B6DED928D008F00029C55E /* Flix.xcdatamodeld */,
				03B6DF0328D00F590029C55E /* MoviesViewController.swift */,
				03B6DF0528D0168C0029C55E /* MovieCell.swift */,
			);
			path = Flix;
			sourceTree = "<group>";
		};
		03B6DEE928D008F30029C55E /* FlixTests */ = {
			isa = PBXGroup;
			children = (
				03B6DEEA28D008F30029C55E /* FlixTests.swift */,
			);
			path = FlixTests;
			sourceTree = "<group>";
		};
		03B6DEF328D008F30029C55E /* FlixUITests */ = {
			isa = PBXGroup;
			children = (
				03B6DEF428D008F30029C55E /* FlixUITests.swift */,
				03B6DEF628D008F30029C55E /* FlixUITestsLaunchTests.swift */,
			);
			path = FlixUITests;
			sourceTree = "<group>";
		};
		10E7969A15A7ABB65795BF13 /* Frameworks */ = {
			isa = PBXGroup;
			children = (
				0BC440A13925E247D2DAD8A2 /* Pods_Flix.framework */,
				0C11FF25C150CD56131D93FC /* Pods_Flix_FlixUITests.framework */,
				E87F3C79B06F7A13BB18775D /* Pods_FlixTests.framework */,
			);
			name = Frameworks;
			sourceTree = "<group>";
		};
		CBAF8D0F87B1D20181DE79B5 /* Pods */ = {
			isa = PBXGroup;
			children = (
				379FDFA0CD13FDC56B1C6C64 /* Pods-Flix.debug.xcconfig */,
				B33E0157632B040126CAAB82 /* Pods-Flix.release.xcconfig */,
				C946642141AEC2CF8BF05523 /* Pods-Flix-FlixUITests.debug.xcconfig */,
				16DED8B7EA8F97ED923EF22C /* Pods-Flix-FlixUITests.release.xcconfig */,
				4CE2D19825C3A3136E6333B0 /* Pods-FlixTests.debug.xcconfig */,
				FCD69D2B163D6CCCCB18C9DB /* Pods-FlixTests.release.xcconfig */,
			);
			name = Pods;
			path = Pods;
			sourceTree = "<group>";
		};
/* End PBXGroup section */

/* Begin PBXNativeTarget section */
		03B6DECC28D008F00029C55E /* Flix */ = {
			isa = PBXNativeTarget;
			buildConfigurationList = 03B6DEFA28D008F30029C55E /* Build configuration list for PBXNativeTarget "Flix" */;
			buildPhases = (
				D32F55201D3ADA5861DDD0C7 /* [CP] Check Pods Manifest.lock */,
				03B6DEC928D008F00029C55E /* Sources */,
				03B6DECA28D008F00029C55E /* Frameworks */,
				03B6DECB28D008F00029C55E /* Resources */,
				076E31030666527D7C74A057 /* [CP] Embed Pods Frameworks */,
			);
			buildRules = (
			);
			dependencies = (
			);
			name = Flix;
			packageProductDependencies = (
				03B6DF0828D3E7450029C55E /* AlamofireImage */,
			);
			productName = Flix;
			productReference = 03B6DECD28D008F00029C55E /* Flix.app */;
			productType = "com.apple.product-type.application";
		};
		03B6DEE528D008F30029C55E /* FlixTests */ = {
			isa = PBXNativeTarget;
			buildConfigurationList = 03B6DEFD28D008F30029C55E /* Build configuration list for PBXNativeTarget "FlixTests" */;
			buildPhases = (
				409B5B5973DAB252BBDF5F14 /* [CP] Check Pods Manifest.lock */,
				03B6DEE228D008F30029C55E /* Sources */,
				03B6DEE328D008F30029C55E /* Frameworks */,
				03B6DEE428D008F30029C55E /* Resources */,
			);
			buildRules = (
			);
			dependencies = (
				03B6DEE828D008F30029C55E /* PBXTargetDependency */,
			);
			name = FlixTests;
			productName = FlixTests;
			productReference = 03B6DEE628D008F30029C55E /* FlixTests.xctest */;
			productType = "com.apple.product-type.bundle.unit-test";
		};
		03B6DEEF28D008F30029C55E /* FlixUITests */ = {
			isa = PBXNativeTarget;
			buildConfigurationList = 03B6DF0028D008F30029C55E /* Build configuration list for PBXNativeTarget "FlixUITests" */;
			buildPhases = (
				7954F8E4973061503E2AB92C /* [CP] Check Pods Manifest.lock */,
				03B6DEEC28D008F30029C55E /* Sources */,
				03B6DEED28D008F30029C55E /* Frameworks */,
				03B6DEEE28D008F30029C55E /* Resources */,
				AE542F5A22FC2882CB265050 /* [CP] Embed Pods Frameworks */,
			);
			buildRules = (
			);
			dependencies = (
				03B6DEF228D008F30029C55E /* PBXTargetDependency */,
			);
			name = FlixUITests;
			productName = FlixUITests;
			productReference = 03B6DEF028D008F30029C55E /* FlixUITests.xctest */;
			productType = "com.apple.product-type.bundle.ui-testing";
		};
/* End PBXNativeTarget section */

/* Begin PBXProject section */
		03B6DEC528D008F00029C55E /* Project object */ = {
			isa = PBXProject;
			attributes = {
				BuildIndependentTargetsInParallel = 1;
				LastSwiftUpdateCheck = 1330;
				LastUpgradeCheck = 1330;
				TargetAttributes = {
					03B6DECC28D008F00029C55E = {
						CreatedOnToolsVersion = 13.3;
					};
					03B6DEE528D008F30029C55E = {
						CreatedOnToolsVersion = 13.3;
						TestTargetID = 03B6DECC28D008F00029C55E;
					};
					03B6DEEF28D008F30029C55E = {
						CreatedOnToolsVersion = 13.3;
						TestTargetID = 03B6DECC28D008F00029C55E;
					};
				};
			};
			buildConfigurationList = 03B6DEC828D008F00029C55E /* Build configuration list for PBXProject "Flix" */;
			compatibilityVersion = "Xcode 13.0";
			developmentRegion = en;
			hasScannedForEncodings = 0;
			knownRegions = (
				en,
				Base,
			);
			mainGroup = 03B6DEC428D008F00029C55E;
			packageReferences = (
				03B6DF0728D3E7450029C55E /* XCRemoteSwiftPackageReference "AlamofireImage" */,
			);
			productRefGroup = 03B6DECE28D008F00029C55E /* Products */;
			projectDirPath = "";
			projectRoot = "";
			targets = (
				03B6DECC28D008F00029C55E /* Flix */,
				03B6DEE528D008F30029C55E /* FlixTests */,
				03B6DEEF28D008F30029C55E /* FlixUITests */,
			);
		};
/* End PBXProject section */

/* Begin PBXResourcesBuildPhase section */
		03B6DECB28D008F00029C55E /* Resources */ = {
			isa = PBXResourcesBuildPhase;
			buildActionMask = 2147483647;
			files = (
				03B6DEE028D008F20029C55E /* LaunchScreen.storyboard in Resources */,
				03B6DEDD28D008F20029C55E /* Assets.xcassets in Resources */,
				03B6DED828D008F00029C55E /* Main.storyboard in Resources */,
			);
			runOnlyForDeploymentPostprocessing = 0;
		};
		03B6DEE428D008F30029C55E /* Resources */ = {
			isa = PBXResourcesBuildPhase;
			buildActionMask = 2147483647;
			files = (
			);
			runOnlyForDeploymentPostprocessing = 0;
		};
		03B6DEEE28D008F30029C55E /* Resources */ = {
			isa = PBXResourcesBuildPhase;
			buildActionMask = 2147483647;
			files = (
			);
			runOnlyForDeploymentPostprocessing = 0;
		};
/* End PBXResourcesBuildPhase section */

/* Begin PBXShellScriptBuildPhase section */
		076E31030666527D7C74A057 /* [CP] Embed Pods Frameworks */ = {
			isa = PBXShellScriptBuildPhase;
			buildActionMask = 2147483647;
			files = (
			);
			inputFileListPaths = (
				"${PODS_ROOT}/Target Support Files/Pods-Flix/Pods-Flix-frameworks-${CONFIGURATION}-input-files.xcfilelist",
			);
			name = "[CP] Embed Pods Frameworks";
			outputFileListPaths = (
				"${PODS_ROOT}/Target Support Files/Pods-Flix/Pods-Flix-frameworks-${CONFIGURATION}-output-files.xcfilelist",
			);
			runOnlyForDeploymentPostprocessing = 0;
			shellPath = /bin/sh;
			shellScript = "\"${PODS_ROOT}/Target Support Files/Pods-Flix/Pods-Flix-frameworks.sh\"\n";
			showEnvVarsInLog = 0;
		};
		409B5B5973DAB252BBDF5F14 /* [CP] Check Pods Manifest.lock */ = {
			isa = PBXShellScriptBuildPhase;
			buildActionMask = 2147483647;
			files = (
			);
			inputFileListPaths = (
			);
			inputPaths = (
				"${PODS_PODFILE_DIR_PATH}/Podfile.lock",
				"${PODS_ROOT}/Manifest.lock",
			);
			name = "[CP] Check Pods Manifest.lock";
			outputFileListPaths = (
			);
			outputPaths = (
				"$(DERIVED_FILE_DIR)/Pods-FlixTests-checkManifestLockResult.txt",
			);
			runOnlyForDeploymentPostprocessing = 0;
			shellPath = /bin/sh;
			shellScript = "diff \"${PODS_PODFILE_DIR_PATH}/Podfile.lock\" \"${PODS_ROOT}/Manifest.lock\" > /dev/null\nif [ $? != 0 ] ; then\n    # print error to STDERR\n    echo \"error: The sandbox is not in sync with the Podfile.lock. Run 'pod install' or update your CocoaPods installation.\" >&2\n    exit 1\nfi\n# This output is used by Xcode 'outputs' to avoid re-running this script phase.\necho \"SUCCESS\" > \"${SCRIPT_OUTPUT_FILE_0}\"\n";
			showEnvVarsInLog = 0;
		};
		7954F8E4973061503E2AB92C /* [CP] Check Pods Manifest.lock */ = {
			isa = PBXShellScriptBuildPhase;
			buildActionMask = 2147483647;
			files = (
			);
			inputFileListPaths = (
			);
			inputPaths = (
				"${PODS_PODFILE_DIR_PATH}/Podfile.lock",
				"${PODS_ROOT}/Manifest.lock",
			);
			name = "[CP] Check Pods Manifest.lock";
			outputFileListPaths = (
			);
			outputPaths = (
				"$(DERIVED_FILE_DIR)/Pods-Flix-FlixUITests-checkManifestLockResult.txt",
			);
			runOnlyForDeploymentPostprocessing = 0;
			shellPath = /bin/sh;
			shellScript = "diff \"${PODS_PODFILE_DIR_PATH}/Podfile.lock\" \"${PODS_ROOT}/Manifest.lock\" > /dev/null\nif [ $? != 0 ] ; then\n    # print error to STDERR\n    echo \"error: The sandbox is not in sync with the Podfile.lock. Run 'pod install' or update your CocoaPods installation.\" >&2\n    exit 1\nfi\n# This output is used by Xcode 'outputs' to avoid re-running this script phase.\necho \"SUCCESS\" > \"${SCRIPT_OUTPUT_FILE_0}\"\n";
			showEnvVarsInLog = 0;
		};
		AE542F5A22FC2882CB265050 /* [CP] Embed Pods Frameworks */ = {
			isa = PBXShellScriptBuildPhase;
			buildActionMask = 2147483647;
			files = (
			);
			inputFileListPaths = (
				"${PODS_ROOT}/Target Support Files/Pods-Flix-FlixUITests/Pods-Flix-FlixUITests-frameworks-${CONFIGURATION}-input-files.xcfilelist",
			);
			name = "[CP] Embed Pods Frameworks";
			outputFileListPaths = (
				"${PODS_ROOT}/Target Support Files/Pods-Flix-FlixUITests/Pods-Flix-FlixUITests-frameworks-${CONFIGURATION}-output-files.xcfilelist",
			);
			runOnlyForDeploymentPostprocessing = 0;
			shellPath = /bin/sh;
			shellScript = "\"${PODS_ROOT}/Target Support Files/Pods-Flix-FlixUITests/Pods-Flix-FlixUITests-frameworks.sh\"\n";
			showEnvVarsInLog = 0;
		};
		D32F55201D3ADA5861DDD0C7 /* [CP] Check Pods Manifest.lock */ = {
			isa = PBXShellScriptBuildPhase;
			buildActionMask = 2147483647;
			files = (
			);
			inputFileListPaths = (
			);
			inputPaths = (
				"${PODS_PODFILE_DIR_PATH}/Podfile.lock",
				"${PODS_ROOT}/Manifest.lock",
			);
			name = "[CP] Check Pods Manifest.lock";
			outputFileListPaths = (
			);
			outputPaths = (
				"$(DERIVED_FILE_DIR)/Pods-Flix-checkManifestLockResult.txt",
			);
			runOnlyForDeploymentPostprocessing = 0;
			shellPath = /bin/sh;
			shellScript = "diff \"${PODS_PODFILE_DIR_PATH}/Podfile.lock\" \"${PODS_ROOT}/Manifest.lock\" > /dev/null\nif [ $? != 0 ] ; then\n    # print error to STDERR\n    echo \"error: The sandbox is not in sync with the Podfile.lock. Run 'pod install' or update your CocoaPods installation.\" >&2\n    exit 1\nfi\n# This output is used by Xcode 'outputs' to avoid re-running this script phase.\necho \"SUCCESS\" > \"${SCRIPT_OUTPUT_FILE_0}\"\n";
			showEnvVarsInLog = 0;
		};
/* End PBXShellScriptBuildPhase section */

/* Begin PBXSourcesBuildPhase section */
		03B6DEC928D008F00029C55E /* Sources */ = {
			isa = PBXSourcesBuildPhase;
			buildActionMask = 2147483647;
			files = (
				03B6DEDB28D008F00029C55E /* Flix.xcdatamodeld in Sources */,
				03B6DF0428D00F590029C55E /* MoviesViewController.swift in Sources */,
				03B6DF0628D0168C0029C55E /* MovieCell.swift in Sources */,
				03B6DED528D008F00029C55E /* ViewController.swift in Sources */,
				03B6DED128D008F00029C55E /* AppDelegate.swift in Sources */,
				03B6DED328D008F00029C55E /* SceneDelegate.swift in Sources */,
			);
			runOnlyForDeploymentPostprocessing = 0;
		};
		03B6DEE228D008F30029C55E /* Sources */ = {
			isa = PBXSourcesBuildPhase;
			buildActionMask = 2147483647;
			files = (
				03B6DEEB28D008F30029C55E /* FlixTests.swift in Sources */,
			);
			runOnlyForDeploymentPostprocessing = 0;
		};
		03B6DEEC28D008F30029C55E /* Sources */ = {
			isa = PBXSourcesBuildPhase;
			buildActionMask = 2147483647;
			files = (
				03B6DEF528D008F30029C55E /* FlixUITests.swift in Sources */,
				03B6DEF728D008F30029C55E /* FlixUITestsLaunchTests.swift in Sources */,
			);
			runOnlyForDeploymentPostprocessing = 0;
		};
/* End PBXSourcesBuildPhase section */

/* Begin PBXTargetDependency section */
		03B6DEE828D008F30029C55E /* PBXTargetDependency */ = {
			isa = PBXTargetDependency;
			target = 03B6DECC28D008F00029C55E /* Flix */;
			targetProxy = 03B6DEE728D008F30029C55E /* PBXContainerItemProxy */;
		};
		03B6DEF228D008F30029C55E /* PBXTargetDependency */ = {
			isa = PBXTargetDependency;
			target = 03B6DECC28D008F00029C55E /* Flix */;
			targetProxy = 03B6DEF128D008F30029C55E /* PBXContainerItemProxy */;
		};
/* End PBXTargetDependency section */

/* Begin PBXVariantGroup section */
		03B6DED628D008F00029C55E /* Main.storyboard */ = {
			isa = PBXVariantGroup;
			children = (
				03B6DED728D008F00029C55E /* Base */,
			);
			name = Main.storyboard;
			sourceTree = "<group>";
		};
		03B6DEDE28D008F20029C55E /* LaunchScreen.storyboard */ = {
			isa = PBXVariantGroup;
			children = (
				03B6DEDF28D008F20029C55E /* Base */,
			);
			name = LaunchScreen.storyboard;
			sourceTree = "<group>";
		};
/* End PBXVariantGroup section */

/* Begin XCBuildConfiguration section */
		03B6DEF828D008F30029C55E /* Debug */ = {
			isa = XCBuildConfiguration;
			buildSettings = {
				ALWAYS_SEARCH_USER_PATHS = NO;
				CLANG_ANALYZER_NONNULL = YES;
				CLANG_ANALYZER_NUMBER_OBJECT_CONVERSION = YES_AGGRESSIVE;
				CLANG_CXX_LANGUAGE_STANDARD = "gnu++17";
				CLANG_ENABLE_MODULES = YES;
				CLANG_ENABLE_OBJC_ARC = YES;
				CLANG_ENABLE_OBJC_WEAK = YES;
				CLANG_WARN_BLOCK_CAPTURE_AUTORELEASING = YES;
				CLANG_WARN_BOOL_CONVERSION = YES;
				CLANG_WARN_COMMA = YES;
				CLANG_WARN_CONSTANT_CONVERSION = YES;
				CLANG_WARN_DEPRECATED_OBJC_IMPLEMENTATIONS = YES;
				CLANG_WARN_DIRECT_OBJC_ISA_USAGE = YES_ERROR;
				CLANG_WARN_DOCUMENTATION_COMMENTS = YES;
				CLANG_WARN_EMPTY_BODY = YES;
				CLANG_WARN_ENUM_CONVERSION = YES;
				CLANG_WARN_INFINITE_RECURSION = YES;
				CLANG_WARN_INT_CONVERSION = YES;
				CLANG_WARN_NON_LITERAL_NULL_CONVERSION = YES;
				CLANG_WARN_OBJC_IMPLICIT_RETAIN_SELF = YES;
				CLANG_WARN_OBJC_LITERAL_CONVERSION = YES;
				CLANG_WARN_OBJC_ROOT_CLASS = YES_ERROR;
				CLANG_WARN_QUOTED_INCLUDE_IN_FRAMEWORK_HEADER = YES;
				CLANG_WARN_RANGE_LOOP_ANALYSIS = YES;
				CLANG_WARN_STRICT_PROTOTYPES = YES;
				CLANG_WARN_SUSPICIOUS_MOVE = YES;
				CLANG_WARN_UNGUARDED_AVAILABILITY = YES_AGGRESSIVE;
				CLANG_WARN_UNREACHABLE_CODE = YES;
				CLANG_WARN__DUPLICATE_METHOD_MATCH = YES;
				COPY_PHASE_STRIP = NO;
				DEBUG_INFORMATION_FORMAT = dwarf;
				ENABLE_STRICT_OBJC_MSGSEND = YES;
				ENABLE_TESTABILITY = YES;
				GCC_C_LANGUAGE_STANDARD = gnu11;
				GCC_DYNAMIC_NO_PIC = NO;
				GCC_NO_COMMON_BLOCKS = YES;
				GCC_OPTIMIZATION_LEVEL = 0;
				GCC_PREPROCESSOR_DEFINITIONS = (
					"DEBUG=1",
					"$(inherited)",
				);
				GCC_WARN_64_TO_32_BIT_CONVERSION = YES;
				GCC_WARN_ABOUT_RETURN_TYPE = YES_ERROR;
				GCC_WARN_UNDECLARED_SELECTOR = YES;
				GCC_WARN_UNINITIALIZED_AUTOS = YES_AGGRESSIVE;
				GCC_WARN_UNUSED_FUNCTION = YES;
				GCC_WARN_UNUSED_VARIABLE = YES;
				IPHONEOS_DEPLOYMENT_TARGET = 15.4;
				MTL_ENABLE_DEBUG_INFO = INCLUDE_SOURCE;
				MTL_FAST_MATH = YES;
				ONLY_ACTIVE_ARCH = YES;
				SDKROOT = iphoneos;
				SWIFT_ACTIVE_COMPILATION_CONDITIONS = DEBUG;
				SWIFT_OPTIMIZATION_LEVEL = "-Onone";
			};
			name = Debug;
		};
		03B6DEF928D008F30029C55E /* Release */ = {
			isa = XCBuildConfiguration;
			buildSettings = {
				ALWAYS_SEARCH_USER_PATHS = NO;
				CLANG_ANALYZER_NONNULL = YES;
				CLANG_ANALYZER_NUMBER_OBJECT_CONVERSION = YES_AGGRESSIVE;
				CLANG_CXX_LANGUAGE_STANDARD = "gnu++17";
				CLANG_ENABLE_MODULES = YES;
				CLANG_ENABLE_OBJC_ARC = YES;
				CLANG_ENABLE_OBJC_WEAK = YES;
				CLANG_WARN_BLOCK_CAPTURE_AUTORELEASING = YES;
				CLANG_WARN_BOOL_CONVERSION = YES;
				CLANG_WARN_COMMA = YES;
				CLANG_WARN_CONSTANT_CONVERSION = YES;
				CLANG_WARN_DEPRECATED_OBJC_IMPLEMENTATIONS = YES;
				CLANG_WARN_DIRECT_OBJC_ISA_USAGE = YES_ERROR;
				CLANG_WARN_DOCUMENTATION_COMMENTS = YES;
				CLANG_WARN_EMPTY_BODY = YES;
				CLANG_WARN_ENUM_CONVERSION = YES;
				CLANG_WARN_INFINITE_RECURSION = YES;
				CLANG_WARN_INT_CONVERSION = YES;
				CLANG_WARN_NON_LITERAL_NULL_CONVERSION = YES;
				CLANG_WARN_OBJC_IMPLICIT_RETAIN_SELF = YES;
				CLANG_WARN_OBJC_LITERAL_CONVERSION = YES;
				CLANG_WARN_OBJC_ROOT_CLASS = YES_ERROR;
				CLANG_WARN_QUOTED_INCLUDE_IN_FRAMEWORK_HEADER = YES;
				CLANG_WARN_RANGE_LOOP_ANALYSIS = YES;
				CLANG_WARN_STRICT_PROTOTYPES = YES;
				CLANG_WARN_SUSPICIOUS_MOVE = YES;
				CLANG_WARN_UNGUARDED_AVAILABILITY = YES_AGGRESSIVE;
				CLANG_WARN_UNREACHABLE_CODE = YES;
				CLANG_WARN__DUPLICATE_METHOD_MATCH = YES;
				COPY_PHASE_STRIP = NO;
				DEBUG_INFORMATION_FORMAT = "dwarf-with-dsym";
				ENABLE_NS_ASSERTIONS = NO;
				ENABLE_STRICT_OBJC_MSGSEND = YES;
				GCC_C_LANGUAGE_STANDARD = gnu11;
				GCC_NO_COMMON_BLOCKS = YES;
				GCC_WARN_64_TO_32_BIT_CONVERSION = YES;
				GCC_WARN_ABOUT_RETURN_TYPE = YES_ERROR;
				GCC_WARN_UNDECLARED_SELECTOR = YES;
				GCC_WARN_UNINITIALIZED_AUTOS = YES_AGGRESSIVE;
				GCC_WARN_UNUSED_FUNCTION = YES;
				GCC_WARN_UNUSED_VARIABLE = YES;
				IPHONEOS_DEPLOYMENT_TARGET = 15.4;
				MTL_ENABLE_DEBUG_INFO = NO;
				MTL_FAST_MATH = YES;
				SDKROOT = iphoneos;
				SWIFT_COMPILATION_MODE = wholemodule;
				SWIFT_OPTIMIZATION_LEVEL = "-O";
				VALIDATE_PRODUCT = YES;
			};
			name = Release;
		};
		03B6DEFB28D008F30029C55E /* Debug */ = {
			isa = XCBuildConfiguration;
			baseConfigurationReference = 379FDFA0CD13FDC56B1C6C64 /* Pods-Flix.debug.xcconfig */;
			buildSettings = {
				ASSETCATALOG_COMPILER_APPICON_NAME = AppIcon;
				ASSETCATALOG_COMPILER_GLOBAL_ACCENT_COLOR_NAME = AccentColor;
				CODE_SIGN_STYLE = Automatic;
				CURRENT_PROJECT_VERSION = 1;
				DEVELOPMENT_TEAM = 6SZXYTU8X5;
				GENERATE_INFOPLIST_FILE = YES;
				INFOPLIST_FILE = Flix/Info.plist;
				INFOPLIST_KEY_UIApplicationSupportsIndirectInputEvents = YES;
				INFOPLIST_KEY_UILaunchStoryboardName = LaunchScreen;
				INFOPLIST_KEY_UIMainStoryboardFile = Main;
				INFOPLIST_KEY_UISupportedInterfaceOrientations_iPad = "UIInterfaceOrientationPortrait UIInterfaceOrientationPortraitUpsideDown UIInterfaceOrientationLandscapeLeft UIInterfaceOrientationLandscapeRight";
				INFOPLIST_KEY_UISupportedInterfaceOrientations_iPhone = "UIInterfaceOrientationPortrait UIInterfaceOrientationLandscapeLeft UIInterfaceOrientationLandscapeRight";
				LD_RUNPATH_SEARCH_PATHS = (
					"$(inherited)",
					"@executable_path/Frameworks",
				);
				MARKETING_VERSION = 1.0;
				PRODUCT_BUNDLE_IDENTIFIER = "Melanie-Kramer.Flix";
				PRODUCT_NAME = "$(TARGET_NAME)";
				SWIFT_EMIT_LOC_STRINGS = YES;
				SWIFT_VERSION = 5.0;
				TARGETED_DEVICE_FAMILY = "1,2";
			};
			name = Debug;
		};
		03B6DEFC28D008F30029C55E /* Release */ = {
			isa = XCBuildConfiguration;
			baseConfigurationReference = B33E0157632B040126CAAB82 /* Pods-Flix.release.xcconfig */;
			buildSettings = {
				ASSETCATALOG_COMPILER_APPICON_NAME = AppIcon;
				ASSETCATALOG_COMPILER_GLOBAL_ACCENT_COLOR_NAME = AccentColor;
				CODE_SIGN_STYLE = Automatic;
				CURRENT_PROJECT_VERSION = 1;
				DEVELOPMENT_TEAM = 6SZXYTU8X5;
				GENERATE_INFOPLIST_FILE = YES;
				INFOPLIST_FILE = Flix/Info.plist;
				INFOPLIST_KEY_UIApplicationSupportsIndirectInputEvents = YES;
				INFOPLIST_KEY_UILaunchStoryboardName = LaunchScreen;
				INFOPLIST_KEY_UIMainStoryboardFile = Main;
				INFOPLIST_KEY_UISupportedInterfaceOrientations_iPad = "UIInterfaceOrientationPortrait UIInterfaceOrientationPortraitUpsideDown UIInterfaceOrientationLandscapeLeft UIInterfaceOrientationLandscapeRight";
				INFOPLIST_KEY_UISupportedInterfaceOrientations_iPhone = "UIInterfaceOrientationPortrait UIInterfaceOrientationLandscapeLeft UIInterfaceOrientationLandscapeRight";
				LD_RUNPATH_SEARCH_PATHS = (
					"$(inherited)",
					"@executable_path/Frameworks",
				);
				MARKETING_VERSION = 1.0;
				PRODUCT_BUNDLE_IDENTIFIER = "Melanie-Kramer.Flix";
				PRODUCT_NAME = "$(TARGET_NAME)";
				SWIFT_EMIT_LOC_STRINGS = YES;
				SWIFT_VERSION = 5.0;
				TARGETED_DEVICE_FAMILY = "1,2";
			};
			name = Release;
		};
		03B6DEFE28D008F30029C55E /* Debug */ = {
			isa = XCBuildConfiguration;
			baseConfigurationReference = 4CE2D19825C3A3136E6333B0 /* Pods-FlixTests.debug.xcconfig */;
			buildSettings = {
				ALWAYS_EMBED_SWIFT_STANDARD_LIBRARIES = YES;
				BUNDLE_LOADER = "$(TEST_HOST)";
				CODE_SIGN_STYLE = Automatic;
				CURRENT_PROJECT_VERSION = 1;
				DEVELOPMENT_TEAM = 6SZXYTU8X5;
				GENERATE_INFOPLIST_FILE = YES;
				IPHONEOS_DEPLOYMENT_TARGET = 15.4;
				MARKETING_VERSION = 1.0;
				PRODUCT_BUNDLE_IDENTIFIER = "Melanie-Kramer.FlixTests";
				PRODUCT_NAME = "$(TARGET_NAME)";
				SWIFT_EMIT_LOC_STRINGS = NO;
				SWIFT_VERSION = 5.0;
				TARGETED_DEVICE_FAMILY = "1,2";
				TEST_HOST = "$(BUILT_PRODUCTS_DIR)/Flix.app/Flix";
			};
			name = Debug;
		};
		03B6DEFF28D008F30029C55E /* Release */ = {
			isa = XCBuildConfiguration;
			baseConfigurationReference = FCD69D2B163D6CCCCB18C9DB /* Pods-FlixTests.release.xcconfig */;
			buildSettings = {
				ALWAYS_EMBED_SWIFT_STANDARD_LIBRARIES = YES;
				BUNDLE_LOADER = "$(TEST_HOST)";
				CODE_SIGN_STYLE = Automatic;
				CURRENT_PROJECT_VERSION = 1;
				DEVELOPMENT_TEAM = 6SZXYTU8X5;
				GENERATE_INFOPLIST_FILE = YES;
				IPHONEOS_DEPLOYMENT_TARGET = 15.4;
				MARKETING_VERSION = 1.0;
				PRODUCT_BUNDLE_IDENTIFIER = "Melanie-Kramer.FlixTests";
				PRODUCT_NAME = "$(TARGET_NAME)";
				SWIFT_EMIT_LOC_STRINGS = NO;
				SWIFT_VERSION = 5.0;
				TARGETED_DEVICE_FAMILY = "1,2";
				TEST_HOST = "$(BUILT_PRODUCTS_DIR)/Flix.app/Flix";
			};
			name = Release;
		};
		03B6DF0128D008F30029C55E /* Debug */ = {
			isa = XCBuildConfiguration;
			baseConfigurationReference = C946642141AEC2CF8BF05523 /* Pods-Flix-FlixUITests.debug.xcconfig */;
			buildSettings = {
				ALWAYS_EMBED_SWIFT_STANDARD_LIBRARIES = YES;
				CODE_SIGN_STYLE = Automatic;
				CURRENT_PROJECT_VERSION = 1;
				DEVELOPMENT_TEAM = 6SZXYTU8X5;
				GENERATE_INFOPLIST_FILE = YES;
				MARKETING_VERSION = 1.0;
				PRODUCT_BUNDLE_IDENTIFIER = "Melanie-Kramer.FlixUITests";
				PRODUCT_NAME = "$(TARGET_NAME)";
				SWIFT_EMIT_LOC_STRINGS = NO;
				SWIFT_VERSION = 5.0;
				TARGETED_DEVICE_FAMILY = "1,2";
				TEST_TARGET_NAME = Flix;
			};
			name = Debug;
		};
		03B6DF0228D008F30029C55E /* Release */ = {
			isa = XCBuildConfiguration;
			baseConfigurationReference = 16DED8B7EA8F97ED923EF22C /* Pods-Flix-FlixUITests.release.xcconfig */;
			buildSettings = {
				ALWAYS_EMBED_SWIFT_STANDARD_LIBRARIES = YES;
				CODE_SIGN_STYLE = Automatic;
				CURRENT_PROJECT_VERSION = 1;
				DEVELOPMENT_TEAM = 6SZXYTU8X5;
				GENERATE_INFOPLIST_FILE = YES;
				MARKETING_VERSION = 1.0;
				PRODUCT_BUNDLE_IDENTIFIER = "Melanie-Kramer.FlixUITests";
				PRODUCT_NAME = "$(TARGET_NAME)";
				SWIFT_EMIT_LOC_STRINGS = NO;
				SWIFT_VERSION = 5.0;
				TARGETED_DEVICE_FAMILY = "1,2";
				TEST_TARGET_NAME = Flix;
			};
			name = Release;
		};
/* End XCBuildConfiguration section */

/* Begin XCConfigurationList section */
		03B6DEC828D008F00029C55E /* Build configuration list for PBXProject "Flix" */ = {
			isa = XCConfigurationList;
			buildConfigurations = (
				03B6DEF828D008F30029C55E /* Debug */,
				03B6DEF928D008F30029C55E /* Release */,
			);
			defaultConfigurationIsVisible = 0;
			defaultConfigurationName = Release;
		};
		03B6DEFA28D008F30029C55E /* Build configuration list for PBXNativeTarget "Flix" */ = {
			isa = XCConfigurationList;
			buildConfigurations = (
				03B6DEFB28D008F30029C55E /* Debug */,
				03B6DEFC28D008F30029C55E /* Release */,
			);
			defaultConfigurationIsVisible = 0;
			defaultConfigurationName = Release;
		};
		03B6DEFD28D008F30029C55E /* Build configuration list for PBXNativeTarget "FlixTests" */ = {
			isa = XCConfigurationList;
			buildConfigurations = (
				03B6DEFE28D008F30029C55E /* Debug */,
				03B6DEFF28D008F30029C55E /* Release */,
			);
			defaultConfigurationIsVisible = 0;
			defaultConfigurationName = Release;
		};
		03B6DF0028D008F30029C55E /* Build configuration list for PBXNativeTarget "FlixUITests" */ = {
			isa = XCConfigurationList;
			buildConfigurations = (
				03B6DF0128D008F30029C55E /* Debug */,
				03B6DF0228D008F30029C55E /* Release */,
			);
			defaultConfigurationIsVisible = 0;
			defaultConfigurationName = Release;
		};
/* End XCConfigurationList section */

/* Begin XCRemoteSwiftPackageReference section */
		03B6DF0728D3E7450029C55E /* XCRemoteSwiftPackageReference "AlamofireImage" */ = {
			isa = XCRemoteSwiftPackageReference;
			repositoryURL = "https://github.com/Alamofire/AlamofireImage";
			requirement = {
				kind = upToNextMajorVersion;
				minimumVersion = 4.0.0;
			};
		};
/* End XCRemoteSwiftPackageReference section */

/* Begin XCSwiftPackageProductDependency section */
		03B6DF0828D3E7450029C55E /* AlamofireImage */ = {
			isa = XCSwiftPackageProductDependency;
			package = 03B6DF0728D3E7450029C55E /* XCRemoteSwiftPackageReference "AlamofireImage" */;
			productName = AlamofireImage;
		};
/* End XCSwiftPackageProductDependency section */

/* Begin XCVersionGroup section */
		03B6DED928D008F00029C55E /* Flix.xcdatamodeld */ = {
			isa = XCVersionGroup;
			children = (
				03B6DEDA28D008F00029C55E /* Flix.xcdatamodel */,
			);
			currentVersion = 03B6DEDA28D008F00029C55E /* Flix.xcdatamodel */;
			path = Flix.xcdatamodeld;
			sourceTree = "<group>";
			versionGroupType = wrapper.xcdatamodel;
		};
/* End XCVersionGroup section */
	};
	rootObject = 03B6DEC528D008F00029C55E /* Project object */;
}
